schema: '2.0'
stages:
  data_ingestion:
    cmd: python src/data/data_ingestion.py
    deps:
    - path: src/data/data_ingestion.py
      hash: md5
      md5: 03073186f4fc4077bf93a7de5e0e6c9a
      size: 2025
    outs:
    - path: data/interim
      hash: md5
      md5: 1ea8bcafd6112ec466b1f959f0d650f0.dir
      size: 42097
      nfiles: 1
    - path: data/raw
      hash: md5
      md5: 79a7b427aec314fa2e28bafb8504a430.dir
      size: 63699
      nfiles: 1
  data_preprocessing:
    cmd: python src/data/data_preprocessing.py
    deps:
    - path: data/interim
      hash: md5
      md5: 1ea8bcafd6112ec466b1f959f0d650f0.dir
      size: 42097
      nfiles: 1
    - path: src/data/data_preprocessing.py
      hash: md5
      md5: a7e8e4e9268890106427ec14f5171eab
      size: 2060
    outs:
    - path: data/processed
      hash: md5
      md5: 01e119292f8ccbb988e678b2a405d57f.dir
      size: 96949
      nfiles: 1
  model_building:
    cmd: python src/models/model_building.py
    deps:
    - path: data/processed
      hash: md5
      md5: 011c5148da15254ddf8b49a993d616ef.dir
      size: 189251
      nfiles: 5
    - path: src/models/model_building.py
      hash: md5
      md5: 55113794ed271185d6f8720a5aced3ff
      size: 2243
    outs:
    - path: model/model.pkl
      hash: md5
      md5: 07b76c38f9e027620d5b8f12dd639425
      size: 6842417
  model_evaluation:
    cmd: python src/models/model_evaluation.py
    deps:
    - path: model/model.pkl
      hash: md5
      md5: 07b76c38f9e027620d5b8f12dd639425
      size: 6842417
    - path: src/models/model_evaluation.py
      hash: md5
      md5: 35ae9de1f14f462498fd576a71a59871
      size: 4443
    outs:
    - path: reports/experiment_info.json
      hash: md5
      md5: d626fd519fe3769476b80729b7563758
      size: 82
    - path: reports/metrics.json
      hash: md5
      md5: b12673c62eab964b419da7862e0835ab
      size: 106
  model_registration:
    cmd: python src/models/register_model.py
    deps:
    - path: reports/experiment_info.json
      hash: md5
      md5: d626fd519fe3769476b80729b7563758
      size: 82
    - path: src/models/register_model.py
      hash: md5
      md5: aebb243afa2664410f27dc4e7e384523
      size: 4980
